
Microsoft Visual Studio Solution File, Format Version 12.00
# Visual Studio Version 16
VisualStudioVersion = 16.0.30611.23
MinimumVisualStudioVersion = 10.0.40219.1
Project("{FAE04EC0-301F-11D3-BF4B-00C04F79EFBC}") = "ClassLibrary1", "ClassLibrary1\ClassLibrary1.csproj", "{F2695733-3284-4AC5-B0F9-86AA02FEF42A}"
EndProject
Global
	GlobalSection(SolutionConfigurationPlatforms) = preSolution
		Debug|Any CPU = Debug|Any CPU
		Release|Any CPU = Release|Any CPU
	EndGlobalSection
	GlobalSection(ProjectConfigurationPlatforms) = postSolution
		{F2695733-3284-4AC5-B0F9-86AA02FEF42A}.Debug|Any CPU.ActiveCfg = Debug|Any CPU
		{F2695733-3284-4AC5-B0F9-86AA02FEF42A}.Debug|Any CPU.Build.0 = Debug|Any CPU
		{F2695733-3284-4AC5-B0F9-86AA02FEF42A}.Release|Any CPU.ActiveCfg = Release|Any CPU
		{F2695733-3284-4AC5-B0F9-86AA02FEF42A}.Release|Any CPU.Build.0 = Release|Any CPU
	EndGlobalSection
	GlobalSection(SolutionProperties) = preSolution
		HideSolutionNode = FALSE
	EndGlobalSection
	GlobalSection(ExtensibilityGlobals) = postSolution
		SolutionGuid = {B6BA354B-DE69-402B-9626-8C7EE9058D53}
	EndGlobalSection
EndGlobal
